
Microsoft Visual Studio Solution File, Format Version 12.00
# Visual Studio Version 16
VisualStudioVersion = 16.0.29519.181
MinimumVisualStudioVersion = 10.0.40219.1
Project("{9A19103F-16F7-4668-BE54-9A1E7A4F7556}") = "PMShop", "PMShop.csproj", "{A90373E2-6BAB-41B0-8D31-03B61F9A4F04}"
EndProject
Global
	GlobalSection(SolutionConfigurationPlatforms) = preSolution
		Debug|Any CPU = Debug|Any CPU
		Release|Any CPU = Release|Any CPU
	EndGlobalSection
	GlobalSection(ProjectConfigurationPlatforms) = postSolution
		{A90373E2-6BAB-41B0-8D31-03B61F9A4F04}.Debug|Any CPU.ActiveCfg = Debug|Any CPU
		{A90373E2-6BAB-41B0-8D31-03B61F9A4F04}.Debug|Any CPU.Build.0 = Debug|Any CPU
		{A90373E2-6BAB-41B0-8D31-03B61F9A4F04}.Release|Any CPU.ActiveCfg = Release|Any CPU
		{A90373E2-6BAB-41B0-8D31-03B61F9A4F04}.Release|Any CPU.Build.0 = Release|Any CPU
	EndGlobalSection
	GlobalSection(SolutionProperties) = preSolution
		HideSolutionNode = FALSE
	EndGlobalSection
	GlobalSection(ExtensibilityGlobals) = postSolution
		SolutionGuid = {A45981BB-AFA6-490D-B637-BB23694FB46F}
	EndGlobalSection
EndGlobal
